
Microsoft Visual Studio Solution File, Format Version 12.00
# Visual Studio Version 17
VisualStudioVersion = 17.7.34003.232
MinimumVisualStudioVersion = 10.0.40219.1
Project("{FAE04EC0-301F-11D3-BF4B-00C04F79EFBC}") = "ConsoleApp1", "ConsoleApp1\ConsoleApp1.csproj", "{988B2AA3-4A8E-467D-B201-37C2CD61FF2D}"
EndProject
Project("{FAE04EC0-301F-11D3-BF4B-00C04F79EFBC}") = "MyLib", "MyLib\MyLib.csproj", "{95470752-93D7-4F5F-82C0-EBCED80194BA}"
EndProject
Global
	GlobalSection(SolutionConfigurationPlatforms) = preSolution
		Debug|Any CPU = Debug|Any CPU
		Release|Any CPU = Release|Any CPU
	EndGlobalSection
	GlobalSection(ProjectConfigurationPlatforms) = postSolution
		{988B2AA3-4A8E-467D-B201-37C2CD61FF2D}.Debug|Any CPU.ActiveCfg = Debug|Any CPU
		{988B2AA3-4A8E-467D-B201-37C2CD61FF2D}.Debug|Any CPU.Build.0 = Debug|Any CPU
		{988B2AA3-4A8E-467D-B201-37C2CD61FF2D}.Release|Any CPU.ActiveCfg = Release|Any CPU
		{988B2AA3-4A8E-467D-B201-37C2CD61FF2D}.Release|Any CPU.Build.0 = Release|Any CPU
		{95470752-93D7-4F5F-82C0-EBCED80194BA}.Debug|Any CPU.ActiveCfg = Debug|Any CPU
		{95470752-93D7-4F5F-82C0-EBCED80194BA}.Debug|Any CPU.Build.0 = Debug|Any CPU
		{95470752-93D7-4F5F-82C0-EBCED80194BA}.Release|Any CPU.ActiveCfg = Release|Any CPU
		{95470752-93D7-4F5F-82C0-EBCED80194BA}.Release|Any CPU.Build.0 = Release|Any CPU
	EndGlobalSection
	GlobalSection(SolutionProperties) = preSolution
		HideSolutionNode = FALSE
	EndGlobalSection
	GlobalSection(ExtensibilityGlobals) = postSolution
		SolutionGuid = {5166D75A-A1EE-4523-B382-D647DD87B77F}
	EndGlobalSection
EndGlobal
